{
  "name": "pico-client",
  "version": "0.5.12",
  "lockfileVersion": 1,
  "requires": true,
  "dependencies": {
    "lean-wrap": {
      "version": "0.2.31",
      "resolved": "https://registry.npmjs.org/lean-wrap/-/lean-wrap-0.2.31.tgz",
      "integrity": "sha512-ERNghjN5FtWZzcyQV7eRyZI5iePGwBYmgKnpfuG+MaJPhWQFlVxp+ZfiYUWGqZlvur8npLj+5/S48Gmx4HyY9Q=="
    },
    "pico-args": {
      "version": "1.0.13",
      "resolved": "https://registry.npmjs.org/pico-args/-/pico-args-1.0.13.tgz",
      "integrity": "sha512-MbzpsN97SN5g64toteGlHwozYed+r2mkZyftiuHlP/fUkHssi2AVAF9J/G9DG+ztR5hb7eOxMo9RFCBuUhuTCA==",
      "dev": true,
      "requires": {
        "pico-common": "*"
      }
    },
    "pico-common": {
      "version": "0.10.19",
      "resolved": "https://registry.npmjs.org/pico-common/-/pico-common-0.10.19.tgz",
      "integrity": "sha512-AhKCfUxAMEp9TrEyEibx1O1srDTLXIrkJBvUkaoiJH7wZkQtgHDPGSIvwuEdVQDBO+VQB578QwDWlmqKMzcF0A=="
    },
    "pojs": {
      "version": "0.6.9",
      "resolved": "https://registry.npmjs.org/pojs/-/pojs-0.6.9.tgz",
      "integrity": "sha512-OgJPG6VF1yb8SBcoa5fdKpgFARP9nndrh1Gygr7pSHHA1gx6jFlLiV/olQ/HE508S0YnzRIFbn9La3bCWrRDaw=="
    }
  }
}
