{
  "name": "pico-client",
  "version": "0.7.10",
  "lockfileVersion": 3,
  "requires": true,
  "packages": {
    "": {
      "name": "pico-client",
      "version": "0.7.10",
      "license": "MIT",
      "dependencies": {
        "pojs": "^0.8.*"
      },
      "bin": {
        "pico-client-build": "build.js",
        "pico-client-create": "create.js"
      },
      "devDependencies": {
        "clean-css": "^5.3.*",
        "pico-args": "^1.0.*"
      },
      "peerDependencies": {
        "lean-wrap": "^0.3.x",
        "pico-common": "^0.15.x"
      }
    },
    "node_modules/clean-css": {
      "version": "5.3.2",
      "resolved": "https://registry.npmjs.org/clean-css/-/clean-css-5.3.2.tgz",
      "integrity": "sha512-JVJbM+f3d3Q704rF4bqQ5UUyTtuJ0JRKNbTKVEeujCCBoMdkEi+V+e8oktO9qGQNSvHrFTM6JZRXrUvGR1czww==",
      "dev": true,
      "dependencies": {
        "source-map": "~0.6.0"
      },
      "engines": {
        "node": ">= 10.0"
      }
    },
    "node_modules/lean-wrap": {
      "version": "0.3.9",
      "resolved": "https://registry.npmjs.org/lean-wrap/-/lean-wrap-0.3.9.tgz",
      "integrity": "sha512-1I/fCWcVNRmc32U+T7NBj+p2mcc9O1uR/7ExXV9kleU+LnweKtppeJPGZGZMbWcXmn4BbDnn33Tb7Y4JidbWhA==",
      "peer": true
    },
    "node_modules/pico-args": {
      "version": "1.0.14",
      "resolved": "https://registry.npmjs.org/pico-args/-/pico-args-1.0.14.tgz",
      "integrity": "sha512-HZl8un9bME4944qRS7OqRDwnYQu5XRWaYLLigI6X0jM4u9kXUPH5QuOBkUZ56Qtv0+KV1zPFxR4FiskmpZDL6w==",
      "dev": true,
      "peerDependencies": {
        "pico-common": "*"
      }
    },
    "node_modules/pico-common": {
      "version": "0.15.1",
      "resolved": "https://registry.npmjs.org/pico-common/-/pico-common-0.15.1.tgz",
      "integrity": "sha512-wtjANB23EbqfpVQ7HHI9XcS0syZR+Yy+KX45CeiAma4anU1KxFbYZthkxtouVm7rmsEi0nqV70S+Hr2vQpBtHQ==",
      "peer": true,
      "bin": {
        "pico-common-build": "concat.js"
      }
    },
    "node_modules/pojs": {
      "version": "0.8.6",
      "resolved": "https://registry.npmjs.org/pojs/-/pojs-0.8.6.tgz",
      "integrity": "sha512-ShLJparNSARqt3kO0yNAT16a+V8H/TbFmjQ6wf8fzNecOBX+Qa5benplthqZ+GlaQLBanFoyRNbmMqqkJpVU5w==",
      "peerDependencies": {
        "lean-wrap": "0.x",
        "pico-common": "0.x"
      }
    },
    "node_modules/source-map": {
      "version": "0.6.1",
      "resolved": "https://registry.npmjs.org/source-map/-/source-map-0.6.1.tgz",
      "integrity": "sha512-UjgapumWlbMhkBgzT7Ykc5YXUT46F0iKu8SGXq0bcwP5dz/h0Plj6enJqjz1Zbq2l5WaqYnrVbwWOWMyF3F47g==",
      "dev": true,
      "engines": {
        "node": ">=0.10.0"
      }
    }
  }
}
