{
  "name": "pico-client",
  "version": "0.7.6",
  "lockfileVersion": 2,
  "requires": true,
  "packages": {
    "": {
      "name": "pico-client",
      "version": "0.7.6",
      "license": "MIT",
      "dependencies": {
        "pojs": "^0.8.0"
      },
      "bin": {
        "pico-client-build": "build.js",
        "pico-client-create": "create.js"
      },
      "devDependencies": {
        "clean-css": "^4.2.1",
        "pico-args": "^1.0.13"
      },
      "peerDependencies": {
        "lean-wrap": "^0.3.x",
        "pico-common": "^0.14.x"
      }
    },
    "node_modules/clean-css": {
      "version": "4.2.4",
      "resolved": "https://registry.npmjs.org/clean-css/-/clean-css-4.2.4.tgz",
      "integrity": "sha512-EJUDT7nDVFDvaQgAo2G/PJvxmp1o/c6iXLbswsBbUFXi1Nr+AjA2cKmfbKDMjMvzEe75g3P6JkaDDAKk96A85A==",
      "dev": true,
      "dependencies": {
        "source-map": "~0.6.0"
      },
      "engines": {
        "node": ">= 4.0"
      }
    },
    "node_modules/lean-wrap": {
      "version": "0.3.5",
      "resolved": "https://registry.npmjs.org/lean-wrap/-/lean-wrap-0.3.5.tgz",
      "integrity": "sha512-EyI/VK+jFkDi7/pRl5u1kY7eEVOVb3mdmrQp3TUscXqEjutW/8Rv8zQN2KfRViAgSmUw4N3Wlv+Uvq3znl471g==",
      "peer": true
    },
    "node_modules/pico-args": {
      "version": "1.0.13",
      "resolved": "https://registry.npmjs.org/pico-args/-/pico-args-1.0.13.tgz",
      "integrity": "sha512-MbzpsN97SN5g64toteGlHwozYed+r2mkZyftiuHlP/fUkHssi2AVAF9J/G9DG+ztR5hb7eOxMo9RFCBuUhuTCA==",
      "dev": true,
      "dependencies": {
        "pico-common": "*"
      }
    },
    "node_modules/pico-common": {
      "version": "0.14.21",
      "resolved": "https://registry.npmjs.org/pico-common/-/pico-common-0.14.21.tgz",
      "integrity": "sha512-9e3tsZaXDaq14BKlPpyx/jD0fLk1PSF4PJBc2lA6agdzfEyZl+RbMVaiLe7FjpLmdOkz/Lsf1tchDUFU6igcXg==",
      "bin": {
        "pico-common-build": "concat.js"
      }
    },
    "node_modules/pojs": {
      "version": "0.8.0",
      "resolved": "https://registry.npmjs.org/pojs/-/pojs-0.8.0.tgz",
      "integrity": "sha512-W2TvxkweuCi+EgpDgXAuAcw6m0R4ZQWd3Dn+HFoXG0hMQ5KMrR6TrkdHqDlFq2BoXEnV3puibVVF212zs6SdJQ==",
      "peerDependencies": {
        "lean-wrap": "0.x",
        "pico-common": "0.x"
      }
    },
    "node_modules/source-map": {
      "version": "0.6.1",
      "resolved": "https://registry.npmjs.org/source-map/-/source-map-0.6.1.tgz",
      "integrity": "sha512-UjgapumWlbMhkBgzT7Ykc5YXUT46F0iKu8SGXq0bcwP5dz/h0Plj6enJqjz1Zbq2l5WaqYnrVbwWOWMyF3F47g==",
      "dev": true,
      "engines": {
        "node": ">=0.10.0"
      }
    }
  },
  "dependencies": {
    "clean-css": {
      "version": "4.2.4",
      "resolved": "https://registry.npmjs.org/clean-css/-/clean-css-4.2.4.tgz",
      "integrity": "sha512-EJUDT7nDVFDvaQgAo2G/PJvxmp1o/c6iXLbswsBbUFXi1Nr+AjA2cKmfbKDMjMvzEe75g3P6JkaDDAKk96A85A==",
      "dev": true,
      "requires": {
        "source-map": "~0.6.0"
      }
    },
    "lean-wrap": {
      "version": "0.3.5",
      "resolved": "https://registry.npmjs.org/lean-wrap/-/lean-wrap-0.3.5.tgz",
      "integrity": "sha512-EyI/VK+jFkDi7/pRl5u1kY7eEVOVb3mdmrQp3TUscXqEjutW/8Rv8zQN2KfRViAgSmUw4N3Wlv+Uvq3znl471g==",
      "peer": true
    },
    "pico-args": {
      "version": "1.0.13",
      "resolved": "https://registry.npmjs.org/pico-args/-/pico-args-1.0.13.tgz",
      "integrity": "sha512-MbzpsN97SN5g64toteGlHwozYed+r2mkZyftiuHlP/fUkHssi2AVAF9J/G9DG+ztR5hb7eOxMo9RFCBuUhuTCA==",
      "dev": true,
      "requires": {
        "pico-common": "*"
      }
    },
    "pico-common": {
      "version": "0.14.21",
      "resolved": "https://registry.npmjs.org/pico-common/-/pico-common-0.14.21.tgz",
      "integrity": "sha512-9e3tsZaXDaq14BKlPpyx/jD0fLk1PSF4PJBc2lA6agdzfEyZl+RbMVaiLe7FjpLmdOkz/Lsf1tchDUFU6igcXg=="
    },
    "pojs": {
      "version": "0.8.0",
      "resolved": "https://registry.npmjs.org/pojs/-/pojs-0.8.0.tgz",
      "integrity": "sha512-W2TvxkweuCi+EgpDgXAuAcw6m0R4ZQWd3Dn+HFoXG0hMQ5KMrR6TrkdHqDlFq2BoXEnV3puibVVF212zs6SdJQ==",
      "requires": {}
    },
    "source-map": {
      "version": "0.6.1",
      "resolved": "https://registry.npmjs.org/source-map/-/source-map-0.6.1.tgz",
      "integrity": "sha512-UjgapumWlbMhkBgzT7Ykc5YXUT46F0iKu8SGXq0bcwP5dz/h0Plj6enJqjz1Zbq2l5WaqYnrVbwWOWMyF3F47g==",
      "dev": true
    }
  }
}
